// !$*UTF8*$!
{
	archiveVersion = 1;
	classes = {
	};
	objectVersion = 46;
	objects = {

/* Begin PBXBuildFile section */
		8BA8F39AFFA5B74C6FDA3B57 /* Pods_ChefNote.framework in Frameworks */ = {isa = PBXBuildFile; fileRef = 5E44A0794C189DCE6FA56434 /* Pods_ChefNote.framework */; settings = {ATTRIBUTES = (Weak, ); }; };
		9669A6921BB5086900725241 /* AppDelegate.swift in Sources */ = {isa = PBXBuildFile; fileRef = 9669A6911BB5086900725241 /* AppDelegate.swift */; };
		9669A69C1BB5086900725241 /* LaunchScreen.xib in Resources */ = {isa = PBXBuildFile; fileRef = 9669A69A1BB5086900725241 /* LaunchScreen.xib */; };
		9669A6A81BB5086900725241 /* ChefNoteTests.swift in Sources */ = {isa = PBXBuildFile; fileRef = 9669A6A71BB5086900725241 /* ChefNoteTests.swift */; };
		9669A6B21BB510DF00725241 /* Main.storyboard in Resources */ = {isa = PBXBuildFile; fileRef = 9669A6B11BB510DF00725241 /* Main.storyboard */; };
		9669A6C11BB510F400725241 /* DiscoverViewController.swift in Sources */ = {isa = PBXBuildFile; fileRef = 9669A6B31BB510F400725241 /* DiscoverViewController.swift */; };
		9669A6C21BB510F400725241 /* MoreViewController.swift in Sources */ = {isa = PBXBuildFile; fileRef = 9669A6B41BB510F400725241 /* MoreViewController.swift */; };
		9669A6C31BB510F400725241 /* NewMemberViewController.swift in Sources */ = {isa = PBXBuildFile; fileRef = 9669A6B51BB510F400725241 /* NewMemberViewController.swift */; };
		9669A6C41BB510F400725241 /* LoginViewController.swift in Sources */ = {isa = PBXBuildFile; fileRef = 9669A6B61BB510F400725241 /* LoginViewController.swift */; };
		9669A6C51BB510F400725241 /* ContainerViewController.swift in Sources */ = {isa = PBXBuildFile; fileRef = 9669A6B71BB510F400725241 /* ContainerViewController.swift */; };
		9669A6C61BB510F400725241 /* EmptySegue.swift in Sources */ = {isa = PBXBuildFile; fileRef = 9669A6B81BB510F400725241 /* EmptySegue.swift */; };
		9669A6C71BB510F400725241 /* SavedRecipesViewController.swift in Sources */ = {isa = PBXBuildFile; fileRef = 9669A6B91BB510F400725241 /* SavedRecipesViewController.swift */; };
		9669A6C81BB510F400725241 /* DiscoverCollectionViewCell.swift in Sources */ = {isa = PBXBuildFile; fileRef = 9669A6BA1BB510F400725241 /* DiscoverCollectionViewCell.swift */; };
		9669A6C91BB510F400725241 /* ImageViewExtension.swift in Sources */ = {isa = PBXBuildFile; fileRef = 9669A6BB1BB510F400725241 /* ImageViewExtension.swift */; };
		9669A6CA1BB510F400725241 /* RecipeDetailTableViewController.swift in Sources */ = {isa = PBXBuildFile; fileRef = 9669A6BC1BB510F400725241 /* RecipeDetailTableViewController.swift */; };
		9669A6CB1BB510F400725241 /* ImageCardTableViewCell.swift in Sources */ = {isa = PBXBuildFile; fileRef = 9669A6BD1BB510F400725241 /* ImageCardTableViewCell.swift */; };
		9669A6CC1BB510F400725241 /* IngredientsTableViewCell.swift in Sources */ = {isa = PBXBuildFile; fileRef = 9669A6BE1BB510F400725241 /* IngredientsTableViewCell.swift */; };
		9669A6CD1BB510F400725241 /* DirectionsTableViewCell.swift in Sources */ = {isa = PBXBuildFile; fileRef = 9669A6BF1BB510F400725241 /* DirectionsTableViewCell.swift */; };
		9669A6CE1BB510F400725241 /* Image.xcassets in Resources */ = {isa = PBXBuildFile; fileRef = 9669A6C01BB510F400725241 /* Image.xcassets */; };
		96892B431BBB78650057143F /* PinterestLayout.swift in Sources */ = {isa = PBXBuildFile; fileRef = 96892B421BBB78650057143F /* PinterestLayout.swift */; settings = {ASSET_TAGS = (); }; };
/* End PBXBuildFile section */

/* Begin PBXContainerItemProxy section */
		9669A6A21BB5086900725241 /* PBXContainerItemProxy */ = {
			isa = PBXContainerItemProxy;
			containerPortal = 9669A6841BB5086900725241 /* Project object */;
			proxyType = 1;
			remoteGlobalIDString = 9669A68B1BB5086900725241;
			remoteInfo = ChefNote;
		};
/* End PBXContainerItemProxy section */

/* Begin PBXFileReference section */
		5D4413C303C563824F8FDC22 /* Pods-ChefNote.debug.xcconfig */ = {isa = PBXFileReference; includeInIndex = 1; lastKnownFileType = text.xcconfig; name = "Pods-ChefNote.debug.xcconfig"; path = "Pods/Target Support Files/Pods-ChefNote/Pods-ChefNote.debug.xcconfig"; sourceTree = "<group>"; };
		5E44A0794C189DCE6FA56434 /* Pods_ChefNote.framework */ = {isa = PBXFileReference; explicitFileType = wrapper.framework; includeInIndex = 0; path = Pods_ChefNote.framework; sourceTree = BUILT_PRODUCTS_DIR; };
		9669A68C1BB5086900725241 /* ChefNote.app */ = {isa = PBXFileReference; explicitFileType = wrapper.application; includeInIndex = 0; path = ChefNote.app; sourceTree = BUILT_PRODUCTS_DIR; };
		9669A6901BB5086900725241 /* Info.plist */ = {isa = PBXFileReference; lastKnownFileType = text.plist.xml; path = Info.plist; sourceTree = "<group>"; };
		9669A6911BB5086900725241 /* AppDelegate.swift */ = {isa = PBXFileReference; lastKnownFileType = sourcecode.swift; path = AppDelegate.swift; sourceTree = "<group>"; };
		9669A69B1BB5086900725241 /* Base */ = {isa = PBXFileReference; lastKnownFileType = file.xib; name = Base; path = Base.lproj/LaunchScreen.xib; sourceTree = "<group>"; };
		9669A6A11BB5086900725241 /* ChefNoteTests.xctest */ = {isa = PBXFileReference; explicitFileType = wrapper.cfbundle; includeInIndex = 0; path = ChefNoteTests.xctest; sourceTree = BUILT_PRODUCTS_DIR; };
		9669A6A61BB5086900725241 /* Info.plist */ = {isa = PBXFileReference; lastKnownFileType = text.plist.xml; path = Info.plist; sourceTree = "<group>"; };
		9669A6A71BB5086900725241 /* ChefNoteTests.swift */ = {isa = PBXFileReference; lastKnownFileType = sourcecode.swift; path = ChefNoteTests.swift; sourceTree = "<group>"; };
		9669A6B11BB510DF00725241 /* Main.storyboard */ = {isa = PBXFileReference; fileEncoding = 4; lastKnownFileType = file.storyboard; path = Main.storyboard; sourceTree = "<group>"; };
		9669A6B31BB510F400725241 /* DiscoverViewController.swift */ = {isa = PBXFileReference; fileEncoding = 4; lastKnownFileType = sourcecode.swift; path = DiscoverViewController.swift; sourceTree = "<group>"; };
		9669A6B41BB510F400725241 /* MoreViewController.swift */ = {isa = PBXFileReference; fileEncoding = 4; lastKnownFileType = sourcecode.swift; path = MoreViewController.swift; sourceTree = "<group>"; };
		9669A6B51BB510F400725241 /* NewMemberViewController.swift */ = {isa = PBXFileReference; fileEncoding = 4; lastKnownFileType = sourcecode.swift; path = NewMemberViewController.swift; sourceTree = "<group>"; };
		9669A6B61BB510F400725241 /* LoginViewController.swift */ = {isa = PBXFileReference; fileEncoding = 4; lastKnownFileType = sourcecode.swift; path = LoginViewController.swift; sourceTree = "<group>"; };
		9669A6B71BB510F400725241 /* ContainerViewController.swift */ = {isa = PBXFileReference; fileEncoding = 4; lastKnownFileType = sourcecode.swift; path = ContainerViewController.swift; sourceTree = "<group>"; };
		9669A6B81BB510F400725241 /* EmptySegue.swift */ = {isa = PBXFileReference; fileEncoding = 4; lastKnownFileType = sourcecode.swift; path = EmptySegue.swift; sourceTree = "<group>"; };
		9669A6B91BB510F400725241 /* SavedRecipesViewController.swift */ = {isa = PBXFileReference; fileEncoding = 4; lastKnownFileType = sourcecode.swift; path = SavedRecipesViewController.swift; sourceTree = "<group>"; };
		9669A6BA1BB510F400725241 /* DiscoverCollectionViewCell.swift */ = {isa = PBXFileReference; fileEncoding = 4; lastKnownFileType = sourcecode.swift; path = DiscoverCollectionViewCell.swift; sourceTree = "<group>"; };
		9669A6BB1BB510F400725241 /* ImageViewExtension.swift */ = {isa = PBXFileReference; fileEncoding = 4; lastKnownFileType = sourcecode.swift; path = ImageViewExtension.swift; sourceTree = "<group>"; };
		9669A6BC1BB510F400725241 /* RecipeDetailTableViewController.swift */ = {isa = PBXFileReference; fileEncoding = 4; lastKnownFileType = sourcecode.swift; path = RecipeDetailTableViewController.swift; sourceTree = "<group>"; };
		9669A6BD1BB510F400725241 /* ImageCardTableViewCell.swift */ = {isa = PBXFileReference; fileEncoding = 4; lastKnownFileType = sourcecode.swift; path = ImageCardTableViewCell.swift; sourceTree = "<group>"; };
		9669A6BE1BB510F400725241 /* IngredientsTableViewCell.swift */ = {isa = PBXFileReference; fileEncoding = 4; lastKnownFileType = sourcecode.swift; path = IngredientsTableViewCell.swift; sourceTree = "<group>"; };
		9669A6BF1BB510F400725241 /* DirectionsTableViewCell.swift */ = {isa = PBXFileReference; fileEncoding = 4; lastKnownFileType = sourcecode.swift; path = DirectionsTableViewCell.swift; sourceTree = "<group>"; };
		9669A6C01BB510F400725241 /* Image.xcassets */ = {isa = PBXFileReference; lastKnownFileType = folder.assetcatalog; path = Image.xcassets; sourceTree = "<group>"; };
		96892B421BBB78650057143F /* PinterestLayout.swift */ = {isa = PBXFileReference; fileEncoding = 4; lastKnownFileType = sourcecode.swift; path = PinterestLayout.swift; sourceTree = "<group>"; };
		C5B0232EDA88D121FA56149D /* Pods-ChefNote.release.xcconfig */ = {isa = PBXFileReference; includeInIndex = 1; lastKnownFileType = text.xcconfig; name = "Pods-ChefNote.release.xcconfig"; path = "Pods/Target Support Files/Pods-ChefNote/Pods-ChefNote.release.xcconfig"; sourceTree = "<group>"; };
/* End PBXFileReference section */

/* Begin PBXFrameworksBuildPhase section */
		9669A6891BB5086900725241 /* Frameworks */ = {
			isa = PBXFrameworksBuildPhase;
			buildActionMask = 2147483647;
			files = (
				8BA8F39AFFA5B74C6FDA3B57 /* Pods_ChefNote.framework in Frameworks */,
			);
			runOnlyForDeploymentPostprocessing = 0;
		};
		9669A69E1BB5086900725241 /* Frameworks */ = {
			isa = PBXFrameworksBuildPhase;
			buildActionMask = 2147483647;
			files = (
			);
			runOnlyForDeploymentPostprocessing = 0;
		};
/* End PBXFrameworksBuildPhase section */

/* Begin PBXGroup section */
		7688E41F7323EC27EABB89E8 /* Pods */ = {
			isa = PBXGroup;
			children = (
				5D4413C303C563824F8FDC22 /* Pods-ChefNote.debug.xcconfig */,
				C5B0232EDA88D121FA56149D /* Pods-ChefNote.release.xcconfig */,
			);
			name = Pods;
			sourceTree = "<group>";
		};
		9669A6831BB5086900725241 = {
			isa = PBXGroup;
			children = (
				9669A68E1BB5086900725241 /* ChefNote */,
				9669A6A41BB5086900725241 /* ChefNoteTests */,
				9669A68D1BB5086900725241 /* Products */,
				7688E41F7323EC27EABB89E8 /* Pods */,
				E7358DD9AC9BF9C29679426A /* Frameworks */,
			);
			sourceTree = "<group>";
		};
		9669A68D1BB5086900725241 /* Products */ = {
			isa = PBXGroup;
			children = (
				9669A68C1BB5086900725241 /* ChefNote.app */,
				9669A6A11BB5086900725241 /* ChefNoteTests.xctest */,
			);
			name = Products;
			sourceTree = "<group>";
		};
		9669A68E1BB5086900725241 /* ChefNote */ = {
			isa = PBXGroup;
			children = (
				96892B451BBBAEA10057143F /* Views */,
				96892B441BBBAE9A0057143F /* Controllers */,
				96892B411BBB782A0057143F /* Layouts */,
				9669A6B81BB510F400725241 /* EmptySegue.swift */,
				9669A6BB1BB510F400725241 /* ImageViewExtension.swift */,
				9669A6C01BB510F400725241 /* Image.xcassets */,
				9669A6911BB5086900725241 /* AppDelegate.swift */,
				9669A6B11BB510DF00725241 /* Main.storyboard */,
				9669A69A1BB5086900725241 /* LaunchScreen.xib */,
				9669A68F1BB5086900725241 /* Supporting Files */,
			);
			path = ChefNote;
			sourceTree = "<group>";
		};
		9669A68F1BB5086900725241 /* Supporting Files */ = {
			isa = PBXGroup;
			children = (
				9669A6901BB5086900725241 /* Info.plist */,
			);
			name = "Supporting Files";
			sourceTree = "<group>";
		};
		9669A6A41BB5086900725241 /* ChefNoteTests */ = {
			isa = PBXGroup;
			children = (
				9669A6A71BB5086900725241 /* ChefNoteTests.swift */,
				9669A6A51BB5086900725241 /* Supporting Files */,
			);
			path = ChefNoteTests;
			sourceTree = "<group>";
		};
		9669A6A51BB5086900725241 /* Supporting Files */ = {
			isa = PBXGroup;
			children = (
				9669A6A61BB5086900725241 /* Info.plist */,
			);
			name = "Supporting Files";
			sourceTree = "<group>";
		};
		96892B411BBB782A0057143F /* Layouts */ = {
			isa = PBXGroup;
			children = (
				96892B421BBB78650057143F /* PinterestLayout.swift */,
			);
			name = Layouts;
			sourceTree = "<group>";
		};
		96892B441BBBAE9A0057143F /* Controllers */ = {
			isa = PBXGroup;
			children = (
				9669A6B31BB510F400725241 /* DiscoverViewController.swift */,
				9669A6B41BB510F400725241 /* MoreViewController.swift */,
				9669A6B61BB510F400725241 /* LoginViewController.swift */,
				9669A6B51BB510F400725241 /* NewMemberViewController.swift */,
				9669A6B71BB510F400725241 /* ContainerViewController.swift */,
				9669A6B91BB510F400725241 /* SavedRecipesViewController.swift */,
				9669A6BC1BB510F400725241 /* RecipeDetailTableViewController.swift */,
			);
			name = Controllers;
			sourceTree = "<group>";
		};
		96892B451BBBAEA10057143F /* Views */ = {
			isa = PBXGroup;
			children = (
				9669A6BA1BB510F400725241 /* DiscoverCollectionViewCell.swift */,
				9669A6BD1BB510F400725241 /* ImageCardTableViewCell.swift */,
				9669A6BE1BB510F400725241 /* IngredientsTableViewCell.swift */,
				9669A6BF1BB510F400725241 /* DirectionsTableViewCell.swift */,
			);
			name = Views;
			sourceTree = "<group>";
		};
		E7358DD9AC9BF9C29679426A /* Frameworks */ = {
			isa = PBXGroup;
			children = (
				5E44A0794C189DCE6FA56434 /* Pods_ChefNote.framework */,
			);
			name = Frameworks;
			sourceTree = "<group>";
		};
/* End PBXGroup section */

/* Begin PBXNativeTarget section */
		9669A68B1BB5086900725241 /* ChefNote */ = {
			isa = PBXNativeTarget;
			buildConfigurationList = 9669A6AB1BB5086900725241 /* Build configuration list for PBXNativeTarget "ChefNote" */;
			buildPhases = (
				E676C9705708B91F752A4B3B /* Check Pods Manifest.lock */,
				9669A6881BB5086900725241 /* Sources */,
				9669A6891BB5086900725241 /* Frameworks */,
				9669A68A1BB5086900725241 /* Resources */,
				05E5EBFEF4504C57BD7D690A /* Embed Pods Frameworks */,
				DF4B287D45591B5B1038F84F /* Copy Pods Resources */,
			);
			buildRules = (
			);
			dependencies = (
			);
			name = ChefNote;
			productName = ChefNote;
			productReference = 9669A68C1BB5086900725241 /* ChefNote.app */;
			productType = "com.apple.product-type.application";
		};
		9669A6A01BB5086900725241 /* ChefNoteTests */ = {
			isa = PBXNativeTarget;
			buildConfigurationList = 9669A6AE1BB5086900725241 /* Build configuration list for PBXNativeTarget "ChefNoteTests" */;
			buildPhases = (
				9669A69D1BB5086900725241 /* Sources */,
				9669A69E1BB5086900725241 /* Frameworks */,
				9669A69F1BB5086900725241 /* Resources */,
			);
			buildRules = (
			);
			dependencies = (
				9669A6A31BB5086900725241 /* PBXTargetDependency */,
			);
			name = ChefNoteTests;
			productName = ChefNoteTests;
			productReference = 9669A6A11BB5086900725241 /* ChefNoteTests.xctest */;
			productType = "com.apple.product-type.bundle.unit-test";
		};
/* End PBXNativeTarget section */

/* Begin PBXProject section */
		9669A6841BB5086900725241 /* Project object */ = {
			isa = PBXProject;
			attributes = {
				LastSwiftMigration = 0700;
				LastSwiftUpdateCheck = 0700;
				LastUpgradeCheck = 0640;
				ORGANIZATIONNAME = Jason;
				TargetAttributes = {
					9669A68B1BB5086900725241 = {
						CreatedOnToolsVersion = 6.4;
					};
					9669A6A01BB5086900725241 = {
						CreatedOnToolsVersion = 6.4;
						TestTargetID = 9669A68B1BB5086900725241;
					};
				};
			};
			buildConfigurationList = 9669A6871BB5086900725241 /* Build configuration list for PBXProject "ChefNote" */;
			compatibilityVersion = "Xcode 3.2";
			developmentRegion = English;
			hasScannedForEncodings = 0;
			knownRegions = (
				en,
				Base,
			);
			mainGroup = 9669A6831BB5086900725241;
			productRefGroup = 9669A68D1BB5086900725241 /* Products */;
			projectDirPath = "";
			projectRoot = "";
			targets = (
				9669A68B1BB5086900725241 /* ChefNote */,
				9669A6A01BB5086900725241 /* ChefNoteTests */,
			);
		};
/* End PBXProject section */

/* Begin PBXResourcesBuildPhase section */
		9669A68A1BB5086900725241 /* Resources */ = {
			isa = PBXResourcesBuildPhase;
			buildActionMask = 2147483647;
			files = (
				9669A6B21BB510DF00725241 /* Main.storyboard in Resources */,
				9669A6CE1BB510F400725241 /* Image.xcassets in Resources */,
				9669A69C1BB5086900725241 /* LaunchScreen.xib in Resources */,
			);
			runOnlyForDeploymentPostprocessing = 0;
		};
		9669A69F1BB5086900725241 /* Resources */ = {
			isa = PBXResourcesBuildPhase;
			buildActionMask = 2147483647;
			files = (
			);
			runOnlyForDeploymentPostprocessing = 0;
		};
/* End PBXResourcesBuildPhase section */

/* Begin PBXShellScriptBuildPhase section */
		05E5EBFEF4504C57BD7D690A /* Embed Pods Frameworks */ = {
			isa = PBXShellScriptBuildPhase;
			buildActionMask = 2147483647;
			files = (
			);
			inputPaths = (
			);
			name = "Embed Pods Frameworks";
			outputPaths = (
			);
			runOnlyForDeploymentPostprocessing = 0;
			shellPath = /bin/sh;
			shellScript = "\"${SRCROOT}/Pods/Target Support Files/Pods-ChefNote/Pods-ChefNote-frameworks.sh\"\n";
			showEnvVarsInLog = 0;
		};
		DF4B287D45591B5B1038F84F /* Copy Pods Resources */ = {
			isa = PBXShellScriptBuildPhase;
			buildActionMask = 2147483647;
			files = (
			);
			inputPaths = (
			);
			name = "Copy Pods Resources";
			outputPaths = (
			);
			runOnlyForDeploymentPostprocessing = 0;
			shellPath = /bin/sh;
			shellScript = "\"${SRCROOT}/Pods/Target Support Files/Pods-ChefNote/Pods-ChefNote-resources.sh\"\n";
			showEnvVarsInLog = 0;
		};
		E676C9705708B91F752A4B3B /* Check Pods Manifest.lock */ = {
			isa = PBXShellScriptBuildPhase;
			buildActionMask = 2147483647;
			files = (
			);
			inputPaths = (
			);
			name = "Check Pods Manifest.lock";
			outputPaths = (
			);
			runOnlyForDeploymentPostprocessing = 0;
			shellPath = /bin/sh;
			shellScript = "diff \"${PODS_ROOT}/../Podfile.lock\" \"${PODS_ROOT}/Manifest.lock\" > /dev/null\nif [[ $? != 0 ]] ; then\n    cat << EOM\nerror: The sandbox is not in sync with the Podfile.lock. Run 'pod install' or update your CocoaPods installation.\nEOM\n    exit 1\nfi\n";
			showEnvVarsInLog = 0;
		};
/* End PBXShellScriptBuildPhase section */

/* Begin PBXSourcesBuildPhase section */
		9669A6881BB5086900725241 /* Sources */ = {
			isa = PBXSourcesBuildPhase;
			buildActionMask = 2147483647;
			files = (
				96892B431BBB78650057143F /* PinterestLayout.swift in Sources */,
				9669A6C71BB510F400725241 /* SavedRecipesViewController.swift in Sources */,
				9669A6C21BB510F400725241 /* MoreViewController.swift in Sources */,
				9669A6C91BB510F400725241 /* ImageViewExtension.swift in Sources */,
				9669A6C31BB510F400725241 /* NewMemberViewController.swift in Sources */,
				9669A6C81BB510F400725241 /* DiscoverCollectionViewCell.swift in Sources */,
				9669A6CA1BB510F400725241 /* RecipeDetailTableViewController.swift in Sources */,
				9669A6921BB5086900725241 /* AppDelegate.swift in Sources */,
				9669A6CC1BB510F400725241 /* IngredientsTableViewCell.swift in Sources */,
				9669A6C61BB510F400725241 /* EmptySegue.swift in Sources */,
				9669A6CD1BB510F400725241 /* DirectionsTableViewCell.swift in Sources */,
				9669A6C41BB510F400725241 /* LoginViewController.swift in Sources */,
				9669A6C51BB510F400725241 /* ContainerViewController.swift in Sources */,
				9669A6C11BB510F400725241 /* DiscoverViewController.swift in Sources */,
				9669A6CB1BB510F400725241 /* ImageCardTableViewCell.swift in Sources */,
			);
			runOnlyForDeploymentPostprocessing = 0;
		};
		9669A69D1BB5086900725241 /* Sources */ = {
			isa = PBXSourcesBuildPhase;
			buildActionMask = 2147483647;
			files = (
				9669A6A81BB5086900725241 /* ChefNoteTests.swift in Sources */,
			);
			runOnlyForDeploymentPostprocessing = 0;
		};
/* End PBXSourcesBuildPhase section */

/* Begin PBXTargetDependency section */
		9669A6A31BB5086900725241 /* PBXTargetDependency */ = {
			isa = PBXTargetDependency;
			target = 9669A68B1BB5086900725241 /* ChefNote */;
			targetProxy = 9669A6A21BB5086900725241 /* PBXContainerItemProxy */;
		};
/* End PBXTargetDependency section */

/* Begin PBXVariantGroup section */
		9669A69A1BB5086900725241 /* LaunchScreen.xib */ = {
			isa = PBXVariantGroup;
			children = (
				9669A69B1BB5086900725241 /* Base */,
			);
			name = LaunchScreen.xib;
			sourceTree = "<group>";
		};
/* End PBXVariantGroup section */

/* Begin XCBuildConfiguration section */
		9669A6A91BB5086900725241 /* Debug */ = {
			isa = XCBuildConfiguration;
			buildSettings = {
				ALWAYS_SEARCH_USER_PATHS = NO;
				CLANG_CXX_LANGUAGE_STANDARD = "gnu++0x";
				CLANG_CXX_LIBRARY = "libc++";
				CLANG_ENABLE_MODULES = YES;
				CLANG_ENABLE_OBJC_ARC = YES;
				CLANG_WARN_BOOL_CONVERSION = YES;
				CLANG_WARN_CONSTANT_CONVERSION = YES;
				CLANG_WARN_DIRECT_OBJC_ISA_USAGE = YES_ERROR;
				CLANG_WARN_EMPTY_BODY = YES;
				CLANG_WARN_ENUM_CONVERSION = YES;
				CLANG_WARN_INT_CONVERSION = YES;
				CLANG_WARN_OBJC_ROOT_CLASS = YES_ERROR;
				CLANG_WARN_UNREACHABLE_CODE = YES;
				CLANG_WARN__DUPLICATE_METHOD_MATCH = YES;
				"CODE_SIGN_IDENTITY[sdk=iphoneos*]" = "iPhone Developer";
				COPY_PHASE_STRIP = NO;
				DEBUG_INFORMATION_FORMAT = "dwarf-with-dsym";
				ENABLE_STRICT_OBJC_MSGSEND = YES;
				GCC_C_LANGUAGE_STANDARD = gnu99;
				GCC_DYNAMIC_NO_PIC = NO;
				GCC_NO_COMMON_BLOCKS = YES;
				GCC_OPTIMIZATION_LEVEL = 0;
				GCC_PREPROCESSOR_DEFINITIONS = (
					"DEBUG=1",
					"$(inherited)",
				);
				GCC_SYMBOLS_PRIVATE_EXTERN = NO;
				GCC_WARN_64_TO_32_BIT_CONVERSION = YES;
				GCC_WARN_ABOUT_RETURN_TYPE = YES_ERROR;
				GCC_WARN_UNDECLARED_SELECTOR = YES;
				GCC_WARN_UNINITIALIZED_AUTOS = YES_AGGRESSIVE;
				GCC_WARN_UNUSED_FUNCTION = YES;
				GCC_WARN_UNUSED_VARIABLE = YES;
				IPHONEOS_DEPLOYMENT_TARGET = 8.4;
				MTL_ENABLE_DEBUG_INFO = YES;
				ONLY_ACTIVE_ARCH = YES;
				SDKROOT = iphoneos;
				SWIFT_OPTIMIZATION_LEVEL = "-Onone";
			};
			name = Debug;
		};
		9669A6AA1BB5086900725241 /* Release */ = {
			isa = XCBuildConfiguration;
			buildSettings = {
				ALWAYS_SEARCH_USER_PATHS = NO;
				CLANG_CXX_LANGUAGE_STANDARD = "gnu++0x";
				CLANG_CXX_LIBRARY = "libc++";
				CLANG_ENABLE_MODULES = YES;
				CLANG_ENABLE_OBJC_ARC = YES;
				CLANG_WARN_BOOL_CONVERSION = YES;
				CLANG_WARN_CONSTANT_CONVERSION = YES;
				CLANG_WARN_DIRECT_OBJC_ISA_USAGE = YES_ERROR;
				CLANG_WARN_EMPTY_BODY = YES;
				CLANG_WARN_ENUM_CONVERSION = YES;
				CLANG_WARN_INT_CONVERSION = YES;
				CLANG_WARN_OBJC_ROOT_CLASS = YES_ERROR;
				CLANG_WARN_UNREACHABLE_CODE = YES;
				CLANG_WARN__DUPLICATE_METHOD_MATCH = YES;
				"CODE_SIGN_IDENTITY[sdk=iphoneos*]" = "iPhone Developer";
				COPY_PHASE_STRIP = NO;
				DEBUG_INFORMATION_FORMAT = "dwarf-with-dsym";
				ENABLE_NS_ASSERTIONS = NO;
				ENABLE_STRICT_OBJC_MSGSEND = YES;
				GCC_C_LANGUAGE_STANDARD = gnu99;
				GCC_NO_COMMON_BLOCKS = YES;
				GCC_WARN_64_TO_32_BIT_CONVERSION = YES;
				GCC_WARN_ABOUT_RETURN_TYPE = YES_ERROR;
				GCC_WARN_UNDECLARED_SELECTOR = YES;
				GCC_WARN_UNINITIALIZED_AUTOS = YES_AGGRESSIVE;
				GCC_WARN_UNUSED_FUNCTION = YES;
				GCC_WARN_UNUSED_VARIABLE = YES;
				IPHONEOS_DEPLOYMENT_TARGET = 8.4;
				MTL_ENABLE_DEBUG_INFO = NO;
				SDKROOT = iphoneos;
				VALIDATE_PRODUCT = YES;
			};
			name = Release;
		};
		9669A6AC1BB5086900725241 /* Debug */ = {
			isa = XCBuildConfiguration;
			baseConfigurationReference = 5D4413C303C563824F8FDC22 /* Pods-ChefNote.debug.xcconfig */;
			buildSettings = {
				ASSETCATALOG_COMPILER_APPICON_NAME = AppIcon;
				INFOPLIST_FILE = ChefNote/Info.plist;
				LD_RUNPATH_SEARCH_PATHS = "$(inherited) @executable_path/Frameworks";
				PRODUCT_NAME = "$(TARGET_NAME)";
			};
			name = Debug;
		};
		9669A6AD1BB5086900725241 /* Release */ = {
			isa = XCBuildConfiguration;
			baseConfigurationReference = C5B0232EDA88D121FA56149D /* Pods-ChefNote.release.xcconfig */;
			buildSettings = {
				ASSETCATALOG_COMPILER_APPICON_NAME = AppIcon;
				INFOPLIST_FILE = ChefNote/Info.plist;
				LD_RUNPATH_SEARCH_PATHS = "$(inherited) @executable_path/Frameworks";
				PRODUCT_NAME = "$(TARGET_NAME)";
			};
			name = Release;
		};
		9669A6AF1BB5086900725241 /* Debug */ = {
			isa = XCBuildConfiguration;
			buildSettings = {
				BUNDLE_LOADER = "$(TEST_HOST)";
				FRAMEWORK_SEARCH_PATHS = (
					"$(SDKROOT)/Developer/Library/Frameworks",
					"$(inherited)",
				);
				GCC_PREPROCESSOR_DEFINITIONS = (
					"DEBUG=1",
					"$(inherited)",
				);
				INFOPLIST_FILE = ChefNoteTests/Info.plist;
				LD_RUNPATH_SEARCH_PATHS = "$(inherited) @executable_path/Frameworks @loader_path/Frameworks";
				PRODUCT_NAME = "$(TARGET_NAME)";
				TEST_HOST = "$(BUILT_PRODUCTS_DIR)/ChefNote.app/ChefNote";
			};
			name = Debug;
		};
		9669A6B01BB5086900725241 /* Release */ = {
			isa = XCBuildConfiguration;
			buildSettings = {
				BUNDLE_LOADER = "$(TEST_HOST)";
				FRAMEWORK_SEARCH_PATHS = (
					"$(SDKROOT)/Developer/Library/Frameworks",
					"$(inherited)",
				);
				INFOPLIST_FILE = ChefNoteTests/Info.plist;
				LD_RUNPATH_SEARCH_PATHS = "$(inherited) @executable_path/Frameworks @loader_path/Frameworks";
				PRODUCT_NAME = "$(TARGET_NAME)";
				TEST_HOST = "$(BUILT_PRODUCTS_DIR)/ChefNote.app/ChefNote";
			};
			name = Release;
		};
/* End XCBuildConfiguration section */

/* Begin XCConfigurationList section */
		9669A6871BB5086900725241 /* Build configuration list for PBXProject "ChefNote" */ = {
			isa = XCConfigurationList;
			buildConfigurations = (
				9669A6A91BB5086900725241 /* Debug */,
				9669A6AA1BB5086900725241 /* Release */,
			);
			defaultConfigurationIsVisible = 0;
			defaultConfigurationName = Release;
		};
		9669A6AB1BB5086900725241 /* Build configuration list for PBXNativeTarget "ChefNote" */ = {
			isa = XCConfigurationList;
			buildConfigurations = (
				9669A6AC1BB5086900725241 /* Debug */,
				9669A6AD1BB5086900725241 /* Release */,
			);
			defaultConfigurationIsVisible = 0;
			defaultConfigurationName = Release;
		};
		9669A6AE1BB5086900725241 /* Build configuration list for PBXNativeTarget "ChefNoteTests" */ = {
			isa = XCConfigurationList;
			buildConfigurations = (
				9669A6AF1BB5086900725241 /* Debug */,
				9669A6B01BB5086900725241 /* Release */,
			);
			defaultConfigurationIsVisible = 0;
			defaultConfigurationName = Release;
		};
/* End XCConfigurationList section */
	};
	rootObject = 9669A6841BB5086900725241 /* Project object */;
}
